
Microsoft Visual Studio Solution File, Format Version 12.00
# Visual Studio Version 17
VisualStudioVersion = 17.2.32630.192
MinimumVisualStudioVersion = 10.0.40219.1
Project("{FAE04EC0-301F-11D3-BF4B-00C04F79EFBC}") = "BaiTap3", "BaiTap3\BaiTap3.csproj", "{3DA7F9EA-682F-4091-A0C4-BEC16FDF2E95}"
EndProject
Project("{FAE04EC0-301F-11D3-BF4B-00C04F79EFBC}") = "Share", "Share\Share.csproj", "{7B6B3CD9-65BB-4760-AC0D-7A7694645B9C}"
EndProject
Global
	GlobalSection(SolutionConfigurationPlatforms) = preSolution
		Debug|Any CPU = Debug|Any CPU
		Release|Any CPU = Release|Any CPU
	EndGlobalSection
	GlobalSection(ProjectConfigurationPlatforms) = postSolution
		{3DA7F9EA-682F-4091-A0C4-BEC16FDF2E95}.Debug|Any CPU.ActiveCfg = Debug|Any CPU
		{3DA7F9EA-682F-4091-A0C4-BEC16FDF2E95}.Debug|Any CPU.Build.0 = Debug|Any CPU
		{3DA7F9EA-682F-4091-A0C4-BEC16FDF2E95}.Release|Any CPU.ActiveCfg = Release|Any CPU
		{3DA7F9EA-682F-4091-A0C4-BEC16FDF2E95}.Release|Any CPU.Build.0 = Release|Any CPU
		{7B6B3CD9-65BB-4760-AC0D-7A7694645B9C}.Debug|Any CPU.ActiveCfg = Debug|Any CPU
		{7B6B3CD9-65BB-4760-AC0D-7A7694645B9C}.Debug|Any CPU.Build.0 = Debug|Any CPU
		{7B6B3CD9-65BB-4760-AC0D-7A7694645B9C}.Release|Any CPU.ActiveCfg = Release|Any CPU
		{7B6B3CD9-65BB-4760-AC0D-7A7694645B9C}.Release|Any CPU.Build.0 = Release|Any CPU
	EndGlobalSection
	GlobalSection(SolutionProperties) = preSolution
		HideSolutionNode = FALSE
	EndGlobalSection
	GlobalSection(ExtensibilityGlobals) = postSolution
		SolutionGuid = {ADC6DED0-D1A6-4C40-A552-9FED4E18B501}
	EndGlobalSection
EndGlobal
